
Microsoft Visual Studio Solution File, Format Version 12.00
# Visual Studio 15
Project("{FAE04EC0-301F-11D3-BF4B-00C04F79EFBC}") = "Xunit-test", "Xunit-test.csproj", "{E7FE0256-6C45-476E-8F16-E6277EFB2253}"
EndProject
Global
	GlobalSection(SolutionConfigurationPlatforms) = preSolution
		Debug|Any CPU = Debug|Any CPU
		Release|Any CPU = Release|Any CPU
	EndGlobalSection
	GlobalSection(ProjectConfigurationPlatforms) = postSolution
		{E7FE0256-6C45-476E-8F16-E6277EFB2253}.Debug|Any CPU.ActiveCfg = Debug|Any CPU
		{E7FE0256-6C45-476E-8F16-E6277EFB2253}.Debug|Any CPU.Build.0 = Debug|Any CPU
		{E7FE0256-6C45-476E-8F16-E6277EFB2253}.Release|Any CPU.ActiveCfg = Release|Any CPU
		{E7FE0256-6C45-476E-8F16-E6277EFB2253}.Release|Any CPU.Build.0 = Release|Any CPU
	EndGlobalSection
EndGlobal
